
Microsoft Visual Studio Solution File, Format Version 12.00
# Visual Studio 15
VisualStudioVersion = 15.0.28307.329
MinimumVisualStudioVersion = 10.0.40219.1
Project("{8BC9CEB8-8B4A-11D0-8D11-00A0C91BC942}") = "CPU_test", "CPU_test\CPU_test.vcxproj", "{E9CA5C57-DBF4-46F2-BE61-E9EB94951695}"
EndProject
Global
	GlobalSection(SolutionConfigurationPlatforms) = preSolution
		Debug|x64 = Debug|x64
		Debug|x86 = Debug|x86
		Release|x64 = Release|x64
		Release|x86 = Release|x86
	EndGlobalSection
	GlobalSection(ProjectConfigurationPlatforms) = postSolution
		{E9CA5C57-DBF4-46F2-BE61-E9EB94951695}.Debug|x64.ActiveCfg = Debug|x64
		{E9CA5C57-DBF4-46F2-BE61-E9EB94951695}.Debug|x64.Build.0 = Debug|x64
		{E9CA5C57-DBF4-46F2-BE61-E9EB94951695}.Debug|x86.ActiveCfg = Debug|Win32
		{E9CA5C57-DBF4-46F2-BE61-E9EB94951695}.Debug|x86.Build.0 = Debug|Win32
		{E9CA5C57-DBF4-46F2-BE61-E9EB94951695}.Release|x64.ActiveCfg = Release|x64
		{E9CA5C57-DBF4-46F2-BE61-E9EB94951695}.Release|x64.Build.0 = Release|x64
		{E9CA5C57-DBF4-46F2-BE61-E9EB94951695}.Release|x86.ActiveCfg = Release|Win32
		{E9CA5C57-DBF4-46F2-BE61-E9EB94951695}.Release|x86.Build.0 = Release|Win32
	EndGlobalSection
	GlobalSection(SolutionProperties) = preSolution
		HideSolutionNode = FALSE
	EndGlobalSection
	GlobalSection(ExtensibilityGlobals) = postSolution
		SolutionGuid = {6B229828-66A5-426E-BA0E-F6A247650F78}
	EndGlobalSection
EndGlobal
